
Microsoft Visual Studio Solution File, Format Version 12.00
# Visual Studio 15
VisualStudioVersion = 15.0.26720.2
MinimumVisualStudioVersion = 10.0.40219.1
Project("{9A19103F-16F7-4668-BE54-9A1E7A4F7556}") = "LevinBlog.Database.Entity", "src\LevinBlog.Database.Entity\LevinBlog.Database.Entity.csproj", "{16945818-3B14-44EF-8820-380674E741C2}"
EndProject
Project("{9A19103F-16F7-4668-BE54-9A1E7A4F7556}") = "LevinBlog.Database", "src\LevinBlog.Database\LevinBlog.Database.csproj", "{0EB4A582-0086-40DF-9B45-4C7DCAEEF202}"
EndProject
Project("{9A19103F-16F7-4668-BE54-9A1E7A4F7556}") = "LevinBlog.Model", "src\LevinBlog.Model\LevinBlog.Model.csproj", "{B95B5739-151B-4176-8B02-9DC9D2B9E2F2}"
EndProject
Project("{9A19103F-16F7-4668-BE54-9A1E7A4F7556}") = "LevinBlog.Repository", "src\LevinBlog.Repository\LevinBlog.Repository.csproj", "{182EEF68-3350-4EBC-A2D2-9F93057EA176}"
EndProject
Project("{9A19103F-16F7-4668-BE54-9A1E7A4F7556}") = "LevinBlog.Service", "src\LevinBlog.Service\LevinBlog.Service.csproj", "{94CDDDD2-5DCF-4F17-BD9D-ECD036F36488}"
EndProject
Project("{9A19103F-16F7-4668-BE54-9A1E7A4F7556}") = "LevinBlog.Tests", "src\LevinBlog.Tests\LevinBlog.Tests.csproj", "{90945862-264D-4B75-AA0E-419C265676A7}"
EndProject
Project("{9A19103F-16F7-4668-BE54-9A1E7A4F7556}") = "LevinBlog.DataGenerator", "src\LevinBlog.DataGenerator\LevinBlog.DataGenerator.csproj", "{E746A3D4-B9E9-4D38-BD6B-74534501A588}"
EndProject
Project("{9A19103F-16F7-4668-BE54-9A1E7A4F7556}") = "LevinBlog.Web", "src\LevinBlog.Web\LevinBlog.Web.csproj", "{52EC613A-DB8F-4D7A-88B4-458404ADBE7B}"
EndProject
Project("{2150E333-8FDC-42A3-9474-1A3956D46DE8}") = "src", "src", "{3F5A1690-B699-4E64-A1AF-D4CF180BAFE9}"
EndProject
Project("{2150E333-8FDC-42A3-9474-1A3956D46DE8}") = "Solution Items", "Solution Items", "{56FA98EE-16D0-4568-93BF-CBD83B8D0786}"
	ProjectSection(SolutionItems) = preProject
		.gitignore = .gitignore
	EndProjectSection
EndProject
Global
	GlobalSection(SolutionConfigurationPlatforms) = preSolution
		Debug|Any CPU = Debug|Any CPU
		Release|Any CPU = Release|Any CPU
	EndGlobalSection
	GlobalSection(ProjectConfigurationPlatforms) = postSolution
		{16945818-3B14-44EF-8820-380674E741C2}.Debug|Any CPU.ActiveCfg = Debug|Any CPU
		{16945818-3B14-44EF-8820-380674E741C2}.Debug|Any CPU.Build.0 = Debug|Any CPU
		{16945818-3B14-44EF-8820-380674E741C2}.Release|Any CPU.ActiveCfg = Release|Any CPU
		{16945818-3B14-44EF-8820-380674E741C2}.Release|Any CPU.Build.0 = Release|Any CPU
		{0EB4A582-0086-40DF-9B45-4C7DCAEEF202}.Debug|Any CPU.ActiveCfg = Debug|Any CPU
		{0EB4A582-0086-40DF-9B45-4C7DCAEEF202}.Debug|Any CPU.Build.0 = Debug|Any CPU
		{0EB4A582-0086-40DF-9B45-4C7DCAEEF202}.Release|Any CPU.ActiveCfg = Release|Any CPU
		{0EB4A582-0086-40DF-9B45-4C7DCAEEF202}.Release|Any CPU.Build.0 = Release|Any CPU
		{B95B5739-151B-4176-8B02-9DC9D2B9E2F2}.Debug|Any CPU.ActiveCfg = Debug|Any CPU
		{B95B5739-151B-4176-8B02-9DC9D2B9E2F2}.Debug|Any CPU.Build.0 = Debug|Any CPU
		{B95B5739-151B-4176-8B02-9DC9D2B9E2F2}.Release|Any CPU.ActiveCfg = Release|Any CPU
		{B95B5739-151B-4176-8B02-9DC9D2B9E2F2}.Release|Any CPU.Build.0 = Release|Any CPU
		{182EEF68-3350-4EBC-A2D2-9F93057EA176}.Debug|Any CPU.ActiveCfg = Debug|Any CPU
		{182EEF68-3350-4EBC-A2D2-9F93057EA176}.Debug|Any CPU.Build.0 = Debug|Any CPU
		{182EEF68-3350-4EBC-A2D2-9F93057EA176}.Release|Any CPU.ActiveCfg = Release|Any CPU
		{182EEF68-3350-4EBC-A2D2-9F93057EA176}.Release|Any CPU.Build.0 = Release|Any CPU
		{94CDDDD2-5DCF-4F17-BD9D-ECD036F36488}.Debug|Any CPU.ActiveCfg = Debug|Any CPU
		{94CDDDD2-5DCF-4F17-BD9D-ECD036F36488}.Debug|Any CPU.Build.0 = Debug|Any CPU
		{94CDDDD2-5DCF-4F17-BD9D-ECD036F36488}.Release|Any CPU.ActiveCfg = Release|Any CPU
		{94CDDDD2-5DCF-4F17-BD9D-ECD036F36488}.Release|Any CPU.Build.0 = Release|Any CPU
		{90945862-264D-4B75-AA0E-419C265676A7}.Debug|Any CPU.ActiveCfg = Debug|Any CPU
		{90945862-264D-4B75-AA0E-419C265676A7}.Debug|Any CPU.Build.0 = Debug|Any CPU
		{90945862-264D-4B75-AA0E-419C265676A7}.Release|Any CPU.ActiveCfg = Release|Any CPU
		{90945862-264D-4B75-AA0E-419C265676A7}.Release|Any CPU.Build.0 = Release|Any CPU
		{E746A3D4-B9E9-4D38-BD6B-74534501A588}.Debug|Any CPU.ActiveCfg = Debug|Any CPU
		{E746A3D4-B9E9-4D38-BD6B-74534501A588}.Debug|Any CPU.Build.0 = Debug|Any CPU
		{E746A3D4-B9E9-4D38-BD6B-74534501A588}.Release|Any CPU.ActiveCfg = Release|Any CPU
		{E746A3D4-B9E9-4D38-BD6B-74534501A588}.Release|Any CPU.Build.0 = Release|Any CPU
		{52EC613A-DB8F-4D7A-88B4-458404ADBE7B}.Debug|Any CPU.ActiveCfg = Debug|Any CPU
		{52EC613A-DB8F-4D7A-88B4-458404ADBE7B}.Debug|Any CPU.Build.0 = Debug|Any CPU
		{52EC613A-DB8F-4D7A-88B4-458404ADBE7B}.Release|Any CPU.ActiveCfg = Release|Any CPU
		{52EC613A-DB8F-4D7A-88B4-458404ADBE7B}.Release|Any CPU.Build.0 = Release|Any CPU
	EndGlobalSection
	GlobalSection(SolutionProperties) = preSolution
		HideSolutionNode = FALSE
	EndGlobalSection
	GlobalSection(NestedProjects) = preSolution
		{16945818-3B14-44EF-8820-380674E741C2} = {3F5A1690-B699-4E64-A1AF-D4CF180BAFE9}
		{0EB4A582-0086-40DF-9B45-4C7DCAEEF202} = {3F5A1690-B699-4E64-A1AF-D4CF180BAFE9}
		{B95B5739-151B-4176-8B02-9DC9D2B9E2F2} = {3F5A1690-B699-4E64-A1AF-D4CF180BAFE9}
		{182EEF68-3350-4EBC-A2D2-9F93057EA176} = {3F5A1690-B699-4E64-A1AF-D4CF180BAFE9}
		{94CDDDD2-5DCF-4F17-BD9D-ECD036F36488} = {3F5A1690-B699-4E64-A1AF-D4CF180BAFE9}
		{90945862-264D-4B75-AA0E-419C265676A7} = {3F5A1690-B699-4E64-A1AF-D4CF180BAFE9}
		{E746A3D4-B9E9-4D38-BD6B-74534501A588} = {3F5A1690-B699-4E64-A1AF-D4CF180BAFE9}
		{52EC613A-DB8F-4D7A-88B4-458404ADBE7B} = {3F5A1690-B699-4E64-A1AF-D4CF180BAFE9}
	EndGlobalSection
	GlobalSection(ExtensibilityGlobals) = postSolution
		SolutionGuid = {118D2112-B71E-40E7-9D86-D7F1FEA3C893}
	EndGlobalSection
EndGlobal
